<?xml version="1.0" encoding="utf-8"?>
<Project ToolsVersion="4.0" xmlns="http://schemas.microsoft.com/developer/msbuild/2003">
  <ItemGroup>
    <Filter Include="Source Files">
      <UniqueIdentifier>{4FC737F1-C7A5-4376-A066-2A32D752A2FF}</UniqueIdentifier>
      <Extensions>cpp;c;cc;cxx;c++;cppm;ixx;def;odl;idl;hpj;bat;asm;asmx</Extensions>
    </Filter>
    <Filter Include="Header Files">
      <UniqueIdentifier>{93995380-89BD-4b04-88EB-625FBE52EBFB}</UniqueIdentifier>
      <Extensions>h;hh;hpp;hxx;h++;hm;inl;inc;ipp;xsd</Extensions>
    </Filter>
    <Filter Include="Resource Files">
      <UniqueIdentifier>{67DA6AB6-F800-4c08-8B7A-83BB121AAD01}</UniqueIdentifier>
      <Extensions>rc;ico;cur;bmp;dlg;rc2;rct;bin;rgs;gif;jpg;jpeg;jpe;resx;tiff;tif;png;wav;mfcribbon-ms</Extensions>
    </Filter>
    <Filter Include="Header Files\Classes">
      <UniqueIdentifier>{06216b19-d21f-4815-9970-15c913e8ca86}</UniqueIdentifier>
    </Filter>
    <Filter Include="Header Files\Templetes">
      <UniqueIdentifier>{139675ee-d17d-4405-bb7d-4fac2ce14c47}</UniqueIdentifier>
    </Filter>
    <Filter Include="Source Files\Templetes Impl">
      <UniqueIdentifier>{68b7b286-a094-4e71-8ba4-05e758a19369}</UniqueIdentifier>
    </Filter>
    <Filter Include="Header Files\Inheritance Class">
      <UniqueIdentifier>{02858fbe-d7ef-4f82-8aae-be400937138c}</UniqueIdentifier>
    </Filter>
    <Filter Include="Source Files\Classes">
      <UniqueIdentifier>{5451acac-009c-41c2-b318-f81ff8c80598}</UniqueIdentifier>
    </Filter>
    <Filter Include="Header Files\Vector Classes">
      <UniqueIdentifier>{8cf31225-a4fc-4788-bbcb-43e05eb8a120}</UniqueIdentifier>
    </Filter>
    <Filter Include="Source Files\Inheritance Impl">
      <UniqueIdentifier>{7a33e9bd-1f68-455c-b63c-9e8f3c0f91d6}</UniqueIdentifier>
    </Filter>
    <Filter Include="Source Files\Vector Imp">
      <UniqueIdentifier>{8061e4d0-61b0-48d9-9fad-1345062ff14e}</UniqueIdentifier>
    </Filter>
  </ItemGroup>
  <ItemGroup>
    <ClCompile Include="Udacity_Practice.cpp">
      <Filter>Source Files</Filter>
    </ClCompile>
    <ClCompile Include="Shape.cpp">
      <Filter>Source Files\Classes</Filter>
    </ClCompile>
    <ClCompile Include="ExerciceImpl.cpp">
      <Filter>Source Files</Filter>
    </ClCompile>
    <ClCompile Include="TempImpl.cpp">
      <Filter>Source Files\Templetes Impl</Filter>
    </ClCompile>
    <ClCompile Include="Inheritance.cpp">
      <Filter>Source Files\Inheritance Impl</Filter>
    </ClCompile>
    <ClCompile Include="MultipleInheritance.cpp">
      <Filter>Source Files\Inheritance Impl</Filter>
    </ClCompile>
    <ClCompile Include="VectAndIterator.cpp">
      <Filter>Source Files\Vector Imp</Filter>
    </ClCompile>
  </ItemGroup>
  <ItemGroup>
    <ClInclude Include="Shape.h">
      <Filter>Header Files\Classes</Filter>
    </ClInclude>
    <ClInclude Include="ExerciceImpl.h">
      <Filter>Header Files</Filter>
    </ClInclude>
    <ClInclude Include="Temp.h">
      <Filter>Header Files\Templetes</Filter>
    </ClInclude>
    <ClInclude Include="Inheritance.h">
      <Filter>Header Files\Inheritance Class</Filter>
    </ClInclude>
    <ClInclude Include="MultipleInheritance.h">
      <Filter>Header Files\Inheritance Class</Filter>
    </ClInclude>
    <ClInclude Include="Aula_Classes.h">
      <Filter>Header Files\Classes</Filter>
    </ClInclude>
    <ClInclude Include="VectAndIterator.h">
      <Filter>Header Files\Vector Classes</Filter>
    </ClInclude>
  </ItemGroup>
</Project>